// !$*UTF8*$!
{
	archiveVersion = 1;
	classes = {
	};
	objectVersion = 46;
	objects = {

/* Begin PBXBuildFile section */
		4300A05D1DEFBD2600497FE4 /* AppDelegate.swift in Sources */ = {isa = PBXBuildFile; fileRef = 4300A05C1DEFBD2600497FE4 /* AppDelegate.swift */; };
		4300A05F1DEFBD2600497FE4 /* ViewController.swift in Sources */ = {isa = PBXBuildFile; fileRef = 4300A05E1DEFBD2600497FE4 /* ViewController.swift */; };
		4300A0621DEFBD2600497FE4 /* Main.storyboard in Resources */ = {isa = PBXBuildFile; fileRef = 4300A0601DEFBD2600497FE4 /* Main.storyboard */; };
		4300A0641DEFBD2600497FE4 /* Assets.xcassets in Resources */ = {isa = PBXBuildFile; fileRef = 4300A0631DEFBD2600497FE4 /* Assets.xcassets */; };
		4300A0671DEFBD2600497FE4 /* LaunchScreen.storyboard in Resources */ = {isa = PBXBuildFile; fileRef = 4300A0651DEFBD2600497FE4 /* LaunchScreen.storyboard */; };
		4300A0721DEFBD2600497FE4 /* BondAppTests.swift in Sources */ = {isa = PBXBuildFile; fileRef = 4300A0711DEFBD2600497FE4 /* BondAppTests.swift */; };
		4300A07F1DEFBE3000497FE4 /* Bond.framework in Frameworks */ = {isa = PBXBuildFile; fileRef = 4300A07D1DEFBE3000497FE4 /* Bond.framework */; };
		4300A0801DEFBE3000497FE4 /* ReactiveKit.framework in Frameworks */ = {isa = PBXBuildFile; fileRef = 4300A07E1DEFBE3000497FE4 /* ReactiveKit.framework */; };
		4300A0831DEFBEF000497FE4 /* ViewModel.swift in Sources */ = {isa = PBXBuildFile; fileRef = 4300A0821DEFBEF000497FE4 /* ViewModel.swift */; };
/* End PBXBuildFile section */

/* Begin PBXContainerItemProxy section */
		4300A06E1DEFBD2600497FE4 /* PBXContainerItemProxy */ = {
			isa = PBXContainerItemProxy;
			containerPortal = 4300A0511DEFBD2600497FE4 /* Project object */;
			proxyType = 1;
			remoteGlobalIDString = 4300A0581DEFBD2600497FE4;
			remoteInfo = BondApp;
		};
/* End PBXContainerItemProxy section */

/* Begin PBXFileReference section */
		4300A0591DEFBD2600497FE4 /* BondApp.app */ = {isa = PBXFileReference; explicitFileType = wrapper.application; includeInIndex = 0; path = BondApp.app; sourceTree = BUILT_PRODUCTS_DIR; };
		4300A05C1DEFBD2600497FE4 /* AppDelegate.swift */ = {isa = PBXFileReference; lastKnownFileType = sourcecode.swift; path = AppDelegate.swift; sourceTree = "<group>"; };
		4300A05E1DEFBD2600497FE4 /* ViewController.swift */ = {isa = PBXFileReference; lastKnownFileType = sourcecode.swift; path = ViewController.swift; sourceTree = "<group>"; };
		4300A0611DEFBD2600497FE4 /* Base */ = {isa = PBXFileReference; lastKnownFileType = file.storyboard; name = Base; path = Base.lproj/Main.storyboard; sourceTree = "<group>"; };
		4300A0631DEFBD2600497FE4 /* Assets.xcassets */ = {isa = PBXFileReference; lastKnownFileType = folder.assetcatalog; path = Assets.xcassets; sourceTree = "<group>"; };
		4300A0661DEFBD2600497FE4 /* Base */ = {isa = PBXFileReference; lastKnownFileType = file.storyboard; name = Base; path = Base.lproj/LaunchScreen.storyboard; sourceTree = "<group>"; };
		4300A0681DEFBD2600497FE4 /* Info.plist */ = {isa = PBXFileReference; lastKnownFileType = text.plist.xml; path = Info.plist; sourceTree = "<group>"; };
		4300A06D1DEFBD2600497FE4 /* BondAppTests.xctest */ = {isa = PBXFileReference; explicitFileType = wrapper.cfbundle; includeInIndex = 0; path = BondAppTests.xctest; sourceTree = BUILT_PRODUCTS_DIR; };
		4300A0711DEFBD2600497FE4 /* BondAppTests.swift */ = {isa = PBXFileReference; lastKnownFileType = sourcecode.swift; path = BondAppTests.swift; sourceTree = "<group>"; };
		4300A0731DEFBD2600497FE4 /* Info.plist */ = {isa = PBXFileReference; lastKnownFileType = text.plist.xml; path = Info.plist; sourceTree = "<group>"; };
		4300A07D1DEFBE3000497FE4 /* Bond.framework */ = {isa = PBXFileReference; lastKnownFileType = wrapper.framework; name = Bond.framework; path = Carthage/Build/iOS/Bond.framework; sourceTree = "<group>"; };
		4300A07E1DEFBE3000497FE4 /* ReactiveKit.framework */ = {isa = PBXFileReference; lastKnownFileType = wrapper.framework; name = ReactiveKit.framework; path = Carthage/Build/iOS/ReactiveKit.framework; sourceTree = "<group>"; };
		4300A0821DEFBEF000497FE4 /* ViewModel.swift */ = {isa = PBXFileReference; fileEncoding = 4; lastKnownFileType = sourcecode.swift; path = ViewModel.swift; sourceTree = "<group>"; };
/* End PBXFileReference section */

/* Begin PBXFrameworksBuildPhase section */
		4300A0561DEFBD2600497FE4 /* Frameworks */ = {
			isa = PBXFrameworksBuildPhase;
			buildActionMask = 2147483647;
			files = (
				4300A07F1DEFBE3000497FE4 /* Bond.framework in Frameworks */,
				4300A0801DEFBE3000497FE4 /* ReactiveKit.framework in Frameworks */,
			);
			runOnlyForDeploymentPostprocessing = 0;
		};
		4300A06A1DEFBD2600497FE4 /* Frameworks */ = {
			isa = PBXFrameworksBuildPhase;
			buildActionMask = 2147483647;
			files = (
			);
			runOnlyForDeploymentPostprocessing = 0;
		};
/* End PBXFrameworksBuildPhase section */

/* Begin PBXGroup section */
		4300A0501DEFBD2600497FE4 = {
			isa = PBXGroup;
			children = (
				4300A05B1DEFBD2600497FE4 /* BondApp */,
				4300A0701DEFBD2600497FE4 /* BondAppTests */,
				4300A05A1DEFBD2600497FE4 /* Products */,
				4300A07C1DEFBE3000497FE4 /* Frameworks */,
			);
			sourceTree = "<group>";
		};
		4300A05A1DEFBD2600497FE4 /* Products */ = {
			isa = PBXGroup;
			children = (
				4300A0591DEFBD2600497FE4 /* BondApp.app */,
				4300A06D1DEFBD2600497FE4 /* BondAppTests.xctest */,
			);
			name = Products;
			sourceTree = "<group>";
		};
		4300A05B1DEFBD2600497FE4 /* BondApp */ = {
			isa = PBXGroup;
			children = (
				4300A05C1DEFBD2600497FE4 /* AppDelegate.swift */,
				4300A05E1DEFBD2600497FE4 /* ViewController.swift */,
				4300A0821DEFBEF000497FE4 /* ViewModel.swift */,
				4300A0601DEFBD2600497FE4 /* Main.storyboard */,
				4300A0631DEFBD2600497FE4 /* Assets.xcassets */,
				4300A0651DEFBD2600497FE4 /* LaunchScreen.storyboard */,
				4300A0681DEFBD2600497FE4 /* Info.plist */,
			);
			path = BondApp;
			sourceTree = "<group>";
		};
		4300A0701DEFBD2600497FE4 /* BondAppTests */ = {
			isa = PBXGroup;
			children = (
				4300A0711DEFBD2600497FE4 /* BondAppTests.swift */,
				4300A0731DEFBD2600497FE4 /* Info.plist */,
			);
			path = BondAppTests;
			sourceTree = "<group>";
		};
		4300A07C1DEFBE3000497FE4 /* Frameworks */ = {
			isa = PBXGroup;
			children = (
				4300A07D1DEFBE3000497FE4 /* Bond.framework */,
				4300A07E1DEFBE3000497FE4 /* ReactiveKit.framework */,
			);
			name = Frameworks;
			sourceTree = "<group>";
		};
/* End PBXGroup section */

/* Begin PBXNativeTarget section */
		4300A0581DEFBD2600497FE4 /* BondApp */ = {
			isa = PBXNativeTarget;
			buildConfigurationList = 4300A0761DEFBD2600497FE4 /* Build configuration list for PBXNativeTarget "BondApp" */;
			buildPhases = (
				4300A0551DEFBD2600497FE4 /* Sources */,
				4300A0561DEFBD2600497FE4 /* Frameworks */,
				4300A0571DEFBD2600497FE4 /* Resources */,
				4300A0811DEFBE3A00497FE4 /* ShellScript */,
			);
			buildRules = (
			);
			dependencies = (
			);
			name = BondApp;
			productName = BondApp;
			productReference = 4300A0591DEFBD2600497FE4 /* BondApp.app */;
			productType = "com.apple.product-type.application";
		};
		4300A06C1DEFBD2600497FE4 /* BondAppTests */ = {
			isa = PBXNativeTarget;
			buildConfigurationList = 4300A0791DEFBD2600497FE4 /* Build configuration list for PBXNativeTarget "BondAppTests" */;
			buildPhases = (
				4300A0691DEFBD2600497FE4 /* Sources */,
				4300A06A1DEFBD2600497FE4 /* Frameworks */,
				4300A06B1DEFBD2600497FE4 /* Resources */,
			);
			buildRules = (
			);
			dependencies = (
				4300A06F1DEFBD2600497FE4 /* PBXTargetDependency */,
			);
			name = BondAppTests;
			productName = BondAppTests;
			productReference = 4300A06D1DEFBD2600497FE4 /* BondAppTests.xctest */;
			productType = "com.apple.product-type.bundle.unit-test";
		};
/* End PBXNativeTarget section */

/* Begin PBXProject section */
		4300A0511DEFBD2600497FE4 /* Project object */ = {
			isa = PBXProject;
			attributes = {
				LastSwiftUpdateCheck = 0810;
				LastUpgradeCheck = 0810;
				ORGANIZATIONNAME = "Workhorse Bytes";
				TargetAttributes = {
					4300A0581DEFBD2600497FE4 = {
						CreatedOnToolsVersion = 8.1;
						DevelopmentTeam = EZ3EL33ZBM;
						ProvisioningStyle = Automatic;
					};
					4300A06C1DEFBD2600497FE4 = {
						CreatedOnToolsVersion = 8.1;
						DevelopmentTeam = EZ3EL33ZBM;
						ProvisioningStyle = Automatic;
						TestTargetID = 4300A0581DEFBD2600497FE4;
					};
				};
			};
			buildConfigurationList = 4300A0541DEFBD2600497FE4 /* Build configuration list for PBXProject "BondApp" */;
			compatibilityVersion = "Xcode 3.2";
			developmentRegion = English;
			hasScannedForEncodings = 0;
			knownRegions = (
				en,
				Base,
			);
			mainGroup = 4300A0501DEFBD2600497FE4;
			productRefGroup = 4300A05A1DEFBD2600497FE4 /* Products */;
			projectDirPath = "";
			projectRoot = "";
			targets = (
				4300A0581DEFBD2600497FE4 /* BondApp */,
				4300A06C1DEFBD2600497FE4 /* BondAppTests */,
			);
		};
/* End PBXProject section */

/* Begin PBXResourcesBuildPhase section */
		4300A0571DEFBD2600497FE4 /* Resources */ = {
			isa = PBXResourcesBuildPhase;
			buildActionMask = 2147483647;
			files = (
				4300A0671DEFBD2600497FE4 /* LaunchScreen.storyboard in Resources */,
				4300A0641DEFBD2600497FE4 /* Assets.xcassets in Resources */,
				4300A0621DEFBD2600497FE4 /* Main.storyboard in Resources */,
			);
			runOnlyForDeploymentPostprocessing = 0;
		};
		4300A06B1DEFBD2600497FE4 /* Resources */ = {
			isa = PBXResourcesBuildPhase;
			buildActionMask = 2147483647;
			files = (
			);
			runOnlyForDeploymentPostprocessing = 0;
		};
/* End PBXResourcesBuildPhase section */

/* Begin PBXShellScriptBuildPhase section */
		4300A0811DEFBE3A00497FE4 /* ShellScript */ = {
			isa = PBXShellScriptBuildPhase;
			buildActionMask = 2147483647;
			files = (
			);
			inputPaths = (
				"$(SRCROOT)/Carthage/Build/iOS/Bond.framework",
				"$(SRCROOT)/Carthage/Build/iOS/ReactiveKit.framework",
			);
			outputPaths = (
			);
			runOnlyForDeploymentPostprocessing = 0;
			shellPath = /bin/sh;
			shellScript = "/usr/local/bin/carthage copy-frameworks";
		};
/* End PBXShellScriptBuildPhase section */

/* Begin PBXSourcesBuildPhase section */
		4300A0551DEFBD2600497FE4 /* Sources */ = {
			isa = PBXSourcesBuildPhase;
			buildActionMask = 2147483647;
			files = (
				4300A05F1DEFBD2600497FE4 /* ViewController.swift in Sources */,
				4300A0831DEFBEF000497FE4 /* ViewModel.swift in Sources */,
				4300A05D1DEFBD2600497FE4 /* AppDelegate.swift in Sources */,
			);
			runOnlyForDeploymentPostprocessing = 0;
		};
		4300A0691DEFBD2600497FE4 /* Sources */ = {
			isa = PBXSourcesBuildPhase;
			buildActionMask = 2147483647;
			files = (
				4300A0721DEFBD2600497FE4 /* BondAppTests.swift in Sources */,
			);
			runOnlyForDeploymentPostprocessing = 0;
		};
/* End PBXSourcesBuildPhase section */

/* Begin PBXTargetDependency section */
		4300A06F1DEFBD2600497FE4 /* PBXTargetDependency */ = {
			isa = PBXTargetDependency;
			target = 4300A0581DEFBD2600497FE4 /* BondApp */;
			targetProxy = 4300A06E1DEFBD2600497FE4 /* PBXContainerItemProxy */;
		};
/* End PBXTargetDependency section */

/* Begin PBXVariantGroup section */
		4300A0601DEFBD2600497FE4 /* Main.storyboard */ = {
			isa = PBXVariantGroup;
			children = (
				4300A0611DEFBD2600497FE4 /* Base */,
			);
			name = Main.storyboard;
			sourceTree = "<group>";
		};
		4300A0651DEFBD2600497FE4 /* LaunchScreen.storyboard */ = {
			isa = PBXVariantGroup;
			children = (
				4300A0661DEFBD2600497FE4 /* Base */,
			);
			name = LaunchScreen.storyboard;
			sourceTree = "<group>";
		};
/* End PBXVariantGroup section */

/* Begin XCBuildConfiguration section */
		4300A0741DEFBD2600497FE4 /* Debug */ = {
			isa = XCBuildConfiguration;
			buildSettings = {
				ALWAYS_SEARCH_USER_PATHS = NO;
				CLANG_ANALYZER_NONNULL = YES;
				CLANG_CXX_LANGUAGE_STANDARD = "gnu++0x";
				CLANG_CXX_LIBRARY = "libc++";
				CLANG_ENABLE_MODULES = YES;
				CLANG_ENABLE_OBJC_ARC = YES;
				CLANG_WARN_BOOL_CONVERSION = YES;
				CLANG_WARN_CONSTANT_CONVERSION = YES;
				CLANG_WARN_DIRECT_OBJC_ISA_USAGE = YES_ERROR;
				CLANG_WARN_DOCUMENTATION_COMMENTS = YES;
				CLANG_WARN_EMPTY_BODY = YES;
				CLANG_WARN_ENUM_CONVERSION = YES;
				CLANG_WARN_INFINITE_RECURSION = YES;
				CLANG_WARN_INT_CONVERSION = YES;
				CLANG_WARN_OBJC_ROOT_CLASS = YES_ERROR;
				CLANG_WARN_SUSPICIOUS_MOVES = YES;
				CLANG_WARN_UNREACHABLE_CODE = YES;
				CLANG_WARN__DUPLICATE_METHOD_MATCH = YES;
				"CODE_SIGN_IDENTITY[sdk=iphoneos*]" = "iPhone Developer";
				COPY_PHASE_STRIP = NO;
				DEBUG_INFORMATION_FORMAT = dwarf;
				ENABLE_STRICT_OBJC_MSGSEND = YES;
				ENABLE_TESTABILITY = YES;
				GCC_C_LANGUAGE_STANDARD = gnu99;
				GCC_DYNAMIC_NO_PIC = NO;
				GCC_NO_COMMON_BLOCKS = YES;
				GCC_OPTIMIZATION_LEVEL = 0;
				GCC_PREPROCESSOR_DEFINITIONS = (
					"DEBUG=1",
					"$(inherited)",
				);
				GCC_WARN_64_TO_32_BIT_CONVERSION = YES;
				GCC_WARN_ABOUT_RETURN_TYPE = YES_ERROR;
				GCC_WARN_UNDECLARED_SELECTOR = YES;
				GCC_WARN_UNINITIALIZED_AUTOS = YES_AGGRESSIVE;
				GCC_WARN_UNUSED_FUNCTION = YES;
				GCC_WARN_UNUSED_VARIABLE = YES;
				IPHONEOS_DEPLOYMENT_TARGET = 10.1;
				MTL_ENABLE_DEBUG_INFO = YES;
				ONLY_ACTIVE_ARCH = YES;
				SDKROOT = iphoneos;
				SWIFT_ACTIVE_COMPILATION_CONDITIONS = DEBUG;
				SWIFT_OPTIMIZATION_LEVEL = "-Onone";
				TARGETED_DEVICE_FAMILY = "1,2";
			};
			name = Debug;
		};
		4300A0751DEFBD2600497FE4 /* Release */ = {
			isa = XCBuildConfiguration;
			buildSettings = {
				ALWAYS_SEARCH_USER_PATHS = NO;
				CLANG_ANALYZER_NONNULL = YES;
				CLANG_CXX_LANGUAGE_STANDARD = "gnu++0x";
				CLANG_CXX_LIBRARY = "libc++";
				CLANG_ENABLE_MODULES = YES;
				CLANG_ENABLE_OBJC_ARC = YES;
				CLANG_WARN_BOOL_CONVERSION = YES;
				CLANG_WARN_CONSTANT_CONVERSION = YES;
				CLANG_WARN_DIRECT_OBJC_ISA_USAGE = YES_ERROR;
				CLANG_WARN_DOCUMENTATION_COMMENTS = YES;
				CLANG_WARN_EMPTY_BODY = YES;
				CLANG_WARN_ENUM_CONVERSION = YES;
				CLANG_WARN_INFINITE_RECURSION = YES;
				CLANG_WARN_INT_CONVERSION = YES;
				CLANG_WARN_OBJC_ROOT_CLASS = YES_ERROR;
				CLANG_WARN_SUSPICIOUS_MOVES = YES;
				CLANG_WARN_UNREACHABLE_CODE = YES;
				CLANG_WARN__DUPLICATE_METHOD_MATCH = YES;
				"CODE_SIGN_IDENTITY[sdk=iphoneos*]" = "iPhone Developer";
				COPY_PHASE_STRIP = NO;
				DEBUG_INFORMATION_FORMAT = "dwarf-with-dsym";
				ENABLE_NS_ASSERTIONS = NO;
				ENABLE_STRICT_OBJC_MSGSEND = YES;
				GCC_C_LANGUAGE_STANDARD = gnu99;
				GCC_NO_COMMON_BLOCKS = YES;
				GCC_WARN_64_TO_32_BIT_CONVERSION = YES;
				GCC_WARN_ABOUT_RETURN_TYPE = YES_ERROR;
				GCC_WARN_UNDECLARED_SELECTOR = YES;
				GCC_WARN_UNINITIALIZED_AUTOS = YES_AGGRESSIVE;
				GCC_WARN_UNUSED_FUNCTION = YES;
				GCC_WARN_UNUSED_VARIABLE = YES;
				IPHONEOS_DEPLOYMENT_TARGET = 10.1;
				MTL_ENABLE_DEBUG_INFO = NO;
				SDKROOT = iphoneos;
				SWIFT_OPTIMIZATION_LEVEL = "-Owholemodule";
				TARGETED_DEVICE_FAMILY = "1,2";
				VALIDATE_PRODUCT = YES;
			};
			name = Release;
		};
		4300A0771DEFBD2600497FE4 /* Debug */ = {
			isa = XCBuildConfiguration;
			buildSettings = {
				ASSETCATALOG_COMPILER_APPICON_NAME = AppIcon;
				DEVELOPMENT_TEAM = EZ3EL33ZBM;
				FRAMEWORK_SEARCH_PATHS = (
					"$(inherited)",
					"$(PROJECT_DIR)/Carthage/Build/iOS",
				);
				INFOPLIST_FILE = BondApp/Info.plist;
				LD_RUNPATH_SEARCH_PATHS = "$(inherited) @executable_path/Frameworks";
				PRODUCT_BUNDLE_IDENTIFIER = com.workhorsebytes.BondApp;
				PRODUCT_NAME = "$(TARGET_NAME)";
				SWIFT_VERSION = 3.0;
			};
			name = Debug;
		};
		4300A0781DEFBD2600497FE4 /* Release */ = {
			isa = XCBuildConfiguration;
			buildSettings = {
				ASSETCATALOG_COMPILER_APPICON_NAME = AppIcon;
				DEVELOPMENT_TEAM = EZ3EL33ZBM;
				FRAMEWORK_SEARCH_PATHS = (
					"$(inherited)",
					"$(PROJECT_DIR)/Carthage/Build/iOS",
				);
				INFOPLIST_FILE = BondApp/Info.plist;
				LD_RUNPATH_SEARCH_PATHS = "$(inherited) @executable_path/Frameworks";
				PRODUCT_BUNDLE_IDENTIFIER = com.workhorsebytes.BondApp;
				PRODUCT_NAME = "$(TARGET_NAME)";
				SWIFT_VERSION = 3.0;
			};
			name = Release;
		};
		4300A07A1DEFBD2600497FE4 /* Debug */ = {
			isa = XCBuildConfiguration;
			buildSettings = {
				ALWAYS_EMBED_SWIFT_STANDARD_LIBRARIES = YES;
				BUNDLE_LOADER = "$(TEST_HOST)";
				DEVELOPMENT_TEAM = EZ3EL33ZBM;
				INFOPLIST_FILE = BondAppTests/Info.plist;
				LD_RUNPATH_SEARCH_PATHS = "$(inherited) @executable_path/Frameworks @loader_path/Frameworks";
				PRODUCT_BUNDLE_IDENTIFIER = com.workhorsebytes.BondAppTests;
				PRODUCT_NAME = "$(TARGET_NAME)";
				SWIFT_VERSION = 3.0;
				TEST_HOST = "$(BUILT_PRODUCTS_DIR)/BondApp.app/BondApp";
			};
			name = Debug;
		};
		4300A07B1DEFBD2600497FE4 /* Release */ = {
			isa = XCBuildConfiguration;
			buildSettings = {
				ALWAYS_EMBED_SWIFT_STANDARD_LIBRARIES = YES;
				BUNDLE_LOADER = "$(TEST_HOST)";
				DEVELOPMENT_TEAM = EZ3EL33ZBM;
				INFOPLIST_FILE = BondAppTests/Info.plist;
				LD_RUNPATH_SEARCH_PATHS = "$(inherited) @executable_path/Frameworks @loader_path/Frameworks";
				PRODUCT_BUNDLE_IDENTIFIER = com.workhorsebytes.BondAppTests;
				PRODUCT_NAME = "$(TARGET_NAME)";
				SWIFT_VERSION = 3.0;
				TEST_HOST = "$(BUILT_PRODUCTS_DIR)/BondApp.app/BondApp";
			};
			name = Release;
		};
/* End XCBuildConfiguration section */

/* Begin XCConfigurationList section */
		4300A0541DEFBD2600497FE4 /* Build configuration list for PBXProject "BondApp" */ = {
			isa = XCConfigurationList;
			buildConfigurations = (
				4300A0741DEFBD2600497FE4 /* Debug */,
				4300A0751DEFBD2600497FE4 /* Release */,
			);
			defaultConfigurationIsVisible = 0;
			defaultConfigurationName = Release;
		};
		4300A0761DEFBD2600497FE4 /* Build configuration list for PBXNativeTarget "BondApp" */ = {
			isa = XCConfigurationList;
			buildConfigurations = (
				4300A0771DEFBD2600497FE4 /* Debug */,
				4300A0781DEFBD2600497FE4 /* Release */,
			);
			defaultConfigurationIsVisible = 0;
		};
		4300A0791DEFBD2600497FE4 /* Build configuration list for PBXNativeTarget "BondAppTests" */ = {
			isa = XCConfigurationList;
			buildConfigurations = (
				4300A07A1DEFBD2600497FE4 /* Debug */,
				4300A07B1DEFBD2600497FE4 /* Release */,
			);
			defaultConfigurationIsVisible = 0;
		};
/* End XCConfigurationList section */
	};
	rootObject = 4300A0511DEFBD2600497FE4 /* Project object */;
}
